
Microsoft Visual Studio Solution File, Format Version 12.00
# Visual Studio Version 16
VisualStudioVersion = 16.0.30611.23
MinimumVisualStudioVersion = 15.0.26124.0
Project("{2150E333-8FDC-42A3-9474-1A3956D46DE8}") = "src", "src", "{D16772F5-84D3-4809-BC00-96CECC0BA1BB}"
EndProject
Project("{9A19103F-16F7-4668-BE54-9A1E7A4F7556}") = "Bellhop.Api", "src\Bellhop.Api\Bellhop.Api.csproj", "{68ECB2FF-153E-42A8-BAFA-5A3485285A2C}"
EndProject
Project("{9A19103F-16F7-4668-BE54-9A1E7A4F7556}") = "Bellhop.Common", "src\Bellhop.Common\Bellhop.Common.csproj", "{7007CDB8-96F4-4D15-8F44-17B497480014}"
EndProject
Project("{9A19103F-16F7-4668-BE54-9A1E7A4F7556}") = "Bellhop.Data", "src\Bellhop.Data\Bellhop.Data.csproj", "{19FF62BD-C090-4C87-8C4E-3333620747BB}"
EndProject
Project("{2150E333-8FDC-42A3-9474-1A3956D46DE8}") = "Solution Items", "Solution Items", "{BDE2A4C6-AFAA-4605-88FB-AF990DA41312}"
	ProjectSection(SolutionItems) = preProject
		Directory.Build.props = Directory.Build.props
		docker-compose.yml = docker-compose.yml
		editorconfig.ini = editorconfig.ini
		LICENSE.txt = LICENSE.txt
		README.md = README.md
	EndProjectSection
EndProject
Project("{FAE04EC0-301F-11D3-BF4B-00C04F79EFBC}") = "Bellhop.Core", "src\Bellhop.Core\Bellhop.Core.csproj", "{ACEAD4A6-B18A-46C2-AB1D-7DA26515AF8C}"
EndProject
Global
	GlobalSection(SolutionConfigurationPlatforms) = preSolution
		Debug|Any CPU = Debug|Any CPU
		Debug|x64 = Debug|x64
		Debug|x86 = Debug|x86
		Release|Any CPU = Release|Any CPU
		Release|x64 = Release|x64
		Release|x86 = Release|x86
	EndGlobalSection
	GlobalSection(ProjectConfigurationPlatforms) = postSolution
		{68ECB2FF-153E-42A8-BAFA-5A3485285A2C}.Debug|Any CPU.ActiveCfg = Debug|Any CPU
		{68ECB2FF-153E-42A8-BAFA-5A3485285A2C}.Debug|Any CPU.Build.0 = Debug|Any CPU
		{68ECB2FF-153E-42A8-BAFA-5A3485285A2C}.Debug|x64.ActiveCfg = Debug|Any CPU
		{68ECB2FF-153E-42A8-BAFA-5A3485285A2C}.Debug|x64.Build.0 = Debug|Any CPU
		{68ECB2FF-153E-42A8-BAFA-5A3485285A2C}.Debug|x86.ActiveCfg = Debug|Any CPU
		{68ECB2FF-153E-42A8-BAFA-5A3485285A2C}.Debug|x86.Build.0 = Debug|Any CPU
		{68ECB2FF-153E-42A8-BAFA-5A3485285A2C}.Release|Any CPU.ActiveCfg = Release|Any CPU
		{68ECB2FF-153E-42A8-BAFA-5A3485285A2C}.Release|Any CPU.Build.0 = Release|Any CPU
		{68ECB2FF-153E-42A8-BAFA-5A3485285A2C}.Release|x64.ActiveCfg = Release|Any CPU
		{68ECB2FF-153E-42A8-BAFA-5A3485285A2C}.Release|x64.Build.0 = Release|Any CPU
		{68ECB2FF-153E-42A8-BAFA-5A3485285A2C}.Release|x86.ActiveCfg = Release|Any CPU
		{68ECB2FF-153E-42A8-BAFA-5A3485285A2C}.Release|x86.Build.0 = Release|Any CPU
		{7007CDB8-96F4-4D15-8F44-17B497480014}.Debug|Any CPU.ActiveCfg = Debug|Any CPU
		{7007CDB8-96F4-4D15-8F44-17B497480014}.Debug|Any CPU.Build.0 = Debug|Any CPU
		{7007CDB8-96F4-4D15-8F44-17B497480014}.Debug|x64.ActiveCfg = Debug|Any CPU
		{7007CDB8-96F4-4D15-8F44-17B497480014}.Debug|x64.Build.0 = Debug|Any CPU
		{7007CDB8-96F4-4D15-8F44-17B497480014}.Debug|x86.ActiveCfg = Debug|Any CPU
		{7007CDB8-96F4-4D15-8F44-17B497480014}.Debug|x86.Build.0 = Debug|Any CPU
		{7007CDB8-96F4-4D15-8F44-17B497480014}.Release|Any CPU.ActiveCfg = Release|Any CPU
		{7007CDB8-96F4-4D15-8F44-17B497480014}.Release|Any CPU.Build.0 = Release|Any CPU
		{7007CDB8-96F4-4D15-8F44-17B497480014}.Release|x64.ActiveCfg = Release|Any CPU
		{7007CDB8-96F4-4D15-8F44-17B497480014}.Release|x64.Build.0 = Release|Any CPU
		{7007CDB8-96F4-4D15-8F44-17B497480014}.Release|x86.ActiveCfg = Release|Any CPU
		{7007CDB8-96F4-4D15-8F44-17B497480014}.Release|x86.Build.0 = Release|Any CPU
		{19FF62BD-C090-4C87-8C4E-3333620747BB}.Debug|Any CPU.ActiveCfg = Debug|Any CPU
		{19FF62BD-C090-4C87-8C4E-3333620747BB}.Debug|Any CPU.Build.0 = Debug|Any CPU
		{19FF62BD-C090-4C87-8C4E-3333620747BB}.Debug|x64.ActiveCfg = Debug|Any CPU
		{19FF62BD-C090-4C87-8C4E-3333620747BB}.Debug|x64.Build.0 = Debug|Any CPU
		{19FF62BD-C090-4C87-8C4E-3333620747BB}.Debug|x86.ActiveCfg = Debug|Any CPU
		{19FF62BD-C090-4C87-8C4E-3333620747BB}.Debug|x86.Build.0 = Debug|Any CPU
		{19FF62BD-C090-4C87-8C4E-3333620747BB}.Release|Any CPU.ActiveCfg = Release|Any CPU
		{19FF62BD-C090-4C87-8C4E-3333620747BB}.Release|Any CPU.Build.0 = Release|Any CPU
		{19FF62BD-C090-4C87-8C4E-3333620747BB}.Release|x64.ActiveCfg = Release|Any CPU
		{19FF62BD-C090-4C87-8C4E-3333620747BB}.Release|x64.Build.0 = Release|Any CPU
		{19FF62BD-C090-4C87-8C4E-3333620747BB}.Release|x86.ActiveCfg = Release|Any CPU
		{19FF62BD-C090-4C87-8C4E-3333620747BB}.Release|x86.Build.0 = Release|Any CPU
		{ACEAD4A6-B18A-46C2-AB1D-7DA26515AF8C}.Debug|Any CPU.ActiveCfg = Debug|Any CPU
		{ACEAD4A6-B18A-46C2-AB1D-7DA26515AF8C}.Debug|Any CPU.Build.0 = Debug|Any CPU
		{ACEAD4A6-B18A-46C2-AB1D-7DA26515AF8C}.Debug|x64.ActiveCfg = Debug|Any CPU
		{ACEAD4A6-B18A-46C2-AB1D-7DA26515AF8C}.Debug|x64.Build.0 = Debug|Any CPU
		{ACEAD4A6-B18A-46C2-AB1D-7DA26515AF8C}.Debug|x86.ActiveCfg = Debug|Any CPU
		{ACEAD4A6-B18A-46C2-AB1D-7DA26515AF8C}.Debug|x86.Build.0 = Debug|Any CPU
		{ACEAD4A6-B18A-46C2-AB1D-7DA26515AF8C}.Release|Any CPU.ActiveCfg = Release|Any CPU
		{ACEAD4A6-B18A-46C2-AB1D-7DA26515AF8C}.Release|Any CPU.Build.0 = Release|Any CPU
		{ACEAD4A6-B18A-46C2-AB1D-7DA26515AF8C}.Release|x64.ActiveCfg = Release|Any CPU
		{ACEAD4A6-B18A-46C2-AB1D-7DA26515AF8C}.Release|x64.Build.0 = Release|Any CPU
		{ACEAD4A6-B18A-46C2-AB1D-7DA26515AF8C}.Release|x86.ActiveCfg = Release|Any CPU
		{ACEAD4A6-B18A-46C2-AB1D-7DA26515AF8C}.Release|x86.Build.0 = Release|Any CPU
	EndGlobalSection
	GlobalSection(SolutionProperties) = preSolution
		HideSolutionNode = FALSE
	EndGlobalSection
	GlobalSection(NestedProjects) = preSolution
		{68ECB2FF-153E-42A8-BAFA-5A3485285A2C} = {D16772F5-84D3-4809-BC00-96CECC0BA1BB}
		{7007CDB8-96F4-4D15-8F44-17B497480014} = {D16772F5-84D3-4809-BC00-96CECC0BA1BB}
		{19FF62BD-C090-4C87-8C4E-3333620747BB} = {D16772F5-84D3-4809-BC00-96CECC0BA1BB}
		{ACEAD4A6-B18A-46C2-AB1D-7DA26515AF8C} = {D16772F5-84D3-4809-BC00-96CECC0BA1BB}
	EndGlobalSection
	GlobalSection(ExtensibilityGlobals) = postSolution
		SolutionGuid = {E14A4E66-7F36-49F1-B8AA-AEE911425BCD}
	EndGlobalSection
EndGlobal
